
Microsoft Visual Studio Solution File, Format Version 12.00
# Visual Studio Version 17
VisualStudioVersion = 17.7.34018.315
MinimumVisualStudioVersion = 10.0.40219.1
Project("{FAE04EC0-301F-11D3-BF4B-00C04F79EFBC}") = "LibrarySystem", "LibrarySystem.csproj", "{754A717D-A7A4-47DA-BAAF-831F909B491E}"
EndProject
Global
	GlobalSection(SolutionConfigurationPlatforms) = preSolution
		Debug|Any CPU = Debug|Any CPU
		Release|Any CPU = Release|Any CPU
	EndGlobalSection
	GlobalSection(ProjectConfigurationPlatforms) = postSolution
		{754A717D-A7A4-47DA-BAAF-831F909B491E}.Debug|Any CPU.ActiveCfg = Debug|Any CPU
		{754A717D-A7A4-47DA-BAAF-831F909B491E}.Debug|Any CPU.Build.0 = Debug|Any CPU
		{754A717D-A7A4-47DA-BAAF-831F909B491E}.Release|Any CPU.ActiveCfg = Release|Any CPU
		{754A717D-A7A4-47DA-BAAF-831F909B491E}.Release|Any CPU.Build.0 = Release|Any CPU
	EndGlobalSection
	GlobalSection(SolutionProperties) = preSolution
		HideSolutionNode = FALSE
	EndGlobalSection
	GlobalSection(ExtensibilityGlobals) = postSolution
		SolutionGuid = {57C4EFBC-758F-4BFD-87EA-65CF340E49F3}
	EndGlobalSection
EndGlobal
